
Microsoft Visual Studio Solution File, Format Version 12.00
# Visual Studio Version 17
VisualStudioVersion = 17.5.33414.496
MinimumVisualStudioVersion = 10.0.40219.1
Project("{FAE04EC0-301F-11D3-BF4B-00C04F79EFBC}") = "Random_Kullanimi", "Random_Kullanim\Random_Kullanimi.csproj", "{8A386C16-667A-43EC-B9D7-D9B971822553}"
EndProject
Global
	GlobalSection(SolutionConfigurationPlatforms) = preSolution
		Debug|Any CPU = Debug|Any CPU
		Release|Any CPU = Release|Any CPU
	EndGlobalSection
	GlobalSection(ProjectConfigurationPlatforms) = postSolution
		{8A386C16-667A-43EC-B9D7-D9B971822553}.Debug|Any CPU.ActiveCfg = Debug|Any CPU
		{8A386C16-667A-43EC-B9D7-D9B971822553}.Debug|Any CPU.Build.0 = Debug|Any CPU
		{8A386C16-667A-43EC-B9D7-D9B971822553}.Release|Any CPU.ActiveCfg = Release|Any CPU
		{8A386C16-667A-43EC-B9D7-D9B971822553}.Release|Any CPU.Build.0 = Release|Any CPU
	EndGlobalSection
	GlobalSection(SolutionProperties) = preSolution
		HideSolutionNode = FALSE
	EndGlobalSection
	GlobalSection(ExtensibilityGlobals) = postSolution
		SolutionGuid = {FDF06A5A-99F9-45B8-8B6E-2B2E37C9B7B2}
	EndGlobalSection
EndGlobal
